// !$*UTF8*$!
{
	archiveVersion = 1;
	classes = {
	};
	objectVersion = 46;
	objects = {

/* Begin PBXBuildFile section */
		1601E3E01AB9E68700D3E27D /* Share.appex in Embed App Extensions */ = {isa = PBXBuildFile; fileRef = 1601E3D51AB9E68700D3E27D /* Share.appex */; settings = {ATTRIBUTES = (RemoveHeadersOnCopy, ); }; };
		1601E3F11AB9ED3B00D3E27D /* NSBundle+MroSemVer.m in Sources */ = {isa = PBXBuildFile; fileRef = 1601E3F01AB9ED3B00D3E27D /* NSBundle+MroSemVer.m */; };
		1601E3F21AB9ED3B00D3E27D /* NSBundle+MroSemVer.m in Sources */ = {isa = PBXBuildFile; fileRef = 1601E3F01AB9ED3B00D3E27D /* NSBundle+MroSemVer.m */; };
		1601E3F31AB9ED3B00D3E27D /* NSBundle+MroSemVer.m in Sources */ = {isa = PBXBuildFile; fileRef = 1601E3F01AB9ED3B00D3E27D /* NSBundle+MroSemVer.m */; };
		1601E4001ABA030F00D3E27D /* NSUserDefaults+Share.m in Sources */ = {isa = PBXBuildFile; fileRef = 1601E3FF1ABA030F00D3E27D /* NSUserDefaults+Share.m */; };
		1601E4011ABA030F00D3E27D /* NSUserDefaults+Share.m in Sources */ = {isa = PBXBuildFile; fileRef = 1601E3FF1ABA030F00D3E27D /* NSUserDefaults+Share.m */; };
		1601E4021ABA030F00D3E27D /* NSUserDefaults+Share.m in Sources */ = {isa = PBXBuildFile; fileRef = 1601E3FF1ABA030F00D3E27D /* NSUserDefaults+Share.m */; };
		1614BA9B1B71FC190042DCE7 /* ShareVC.m in Sources */ = {isa = PBXBuildFile; fileRef = 1601E3DA1AB9E68700D3E27D /* ShareVC.m */; };
		1614BA9C1B71FC1A0042DCE7 /* ShareVC.m in Sources */ = {isa = PBXBuildFile; fileRef = 1601E3DA1AB9E68700D3E27D /* ShareVC.m */; };
		161C4B4B1B5BFD39002B177F /* testdata in Resources */ = {isa = PBXBuildFile; fileRef = 161C4B4A1B5BFD39002B177F /* testdata */; };
		161C4B4D1B5BFD6E002B177F /* ShaarliMTest.m in Sources */ = {isa = PBXBuildFile; fileRef = 161C4B4C1B5BFD6E002B177F /* ShaarliMTest.m */; };
		1621DDD11B6164EC00238503 /* SettingsVC.m in Sources */ = {isa = PBXBuildFile; fileRef = 1621DDD01B6164EC00238503 /* SettingsVC.m */; };
		1621DDD21B6164EC00238503 /* SettingsVC.m in Sources */ = {isa = PBXBuildFile; fileRef = 1621DDD01B6164EC00238503 /* SettingsVC.m */; };
		162A51351B6E50C7001CFF52 /* MROStateMachine.m in Sources */ = {isa = PBXBuildFile; fileRef = 162A51331B6E50C7001CFF52 /* MROStateMachine.m */; };
		163952711B599BBE0059E553 /* libxml2.dylib in Frameworks */ = {isa = PBXBuildFile; fileRef = 163952701B599BBE0059E553 /* libxml2.dylib */; };
		163952721B599E9D0059E553 /* libxml2.dylib in Frameworks */ = {isa = PBXBuildFile; fileRef = 163952701B599BBE0059E553 /* libxml2.dylib */; };
		163952731B599EA60059E553 /* libxml2.dylib in Frameworks */ = {isa = PBXBuildFile; fileRef = 163952701B599BBE0059E553 /* libxml2.dylib */; };
		1640B85A1B749D71009D3FED /* about.html in Resources */ = {isa = PBXBuildFile; fileRef = 1640B8591B749D71009D3FED /* about.html */; };
		1652D98F1B68BD8000B044C3 /* ShaarliOSTests.m in Sources */ = {isa = PBXBuildFile; fileRef = 1652D98E1B68BD8000B044C3 /* ShaarliOSTests.m */; };
		165460821B697BCE001DAA32 /* iTunesArtwork.png in Resources */ = {isa = PBXBuildFile; fileRef = 165460811B697BCE001DAA32 /* iTunesArtwork.png */; };
		165B45A41B5952B8008A2714 /* ShaarliM.m in Sources */ = {isa = PBXBuildFile; fileRef = 165B45A31B5952B8008A2714 /* ShaarliM.m */; };
		165B45A51B5952B8008A2714 /* ShaarliM.m in Sources */ = {isa = PBXBuildFile; fileRef = 165B45A31B5952B8008A2714 /* ShaarliM.m */; };
		165B45A61B5952B8008A2714 /* ShaarliM.m in Sources */ = {isa = PBXBuildFile; fileRef = 165B45A31B5952B8008A2714 /* ShaarliM.m */; };
		166A4E261B6B734000F5D5F7 /* XCTestCase+Tools.m in Sources */ = {isa = PBXBuildFile; fileRef = 166A4E251B6B734000F5D5F7 /* XCTestCase+Tools.m */; };
		1671FB061B700D5E00C829D5 /* ShareVC.m in Sources */ = {isa = PBXBuildFile; fileRef = 1601E3DA1AB9E68700D3E27D /* ShareVC.m */; };
		169BCA131B72269400311870 /* 1Password.xcassets in Resources */ = {isa = PBXBuildFile; fileRef = 169BCA0C1B72269400311870 /* 1Password.xcassets */; };
		169BCA151B72269400311870 /* OnePasswordExtension.m in Sources */ = {isa = PBXBuildFile; fileRef = 169BCA0F1B72269400311870 /* OnePasswordExtension.m */; };
		16ABE6001B640CC10054F12F /* Icon.png in Resources */ = {isa = PBXBuildFile; fileRef = 16ABE5FD1B640CC10054F12F /* Icon.png */; };
		16ABE6011B640CC10054F12F /* Icon@2x.png in Resources */ = {isa = PBXBuildFile; fileRef = 16ABE5FE1B640CC10054F12F /* Icon@2x.png */; };
		16ABE6021B640CC10054F12F /* Icon@3x.png in Resources */ = {isa = PBXBuildFile; fileRef = 16ABE5FF1B640CC10054F12F /* Icon@3x.png */; };
		16D18FAA1B5B023D005173C6 /* PDKeychainBindings.m in Sources */ = {isa = PBXBuildFile; fileRef = 16D18FA11B5B023D005173C6 /* PDKeychainBindings.m */; };
		16D18FAB1B5B023D005173C6 /* PDKeychainBindings.m in Sources */ = {isa = PBXBuildFile; fileRef = 16D18FA11B5B023D005173C6 /* PDKeychainBindings.m */; };
		16D18FAC1B5B023D005173C6 /* PDKeychainBindings.m in Sources */ = {isa = PBXBuildFile; fileRef = 16D18FA11B5B023D005173C6 /* PDKeychainBindings.m */; };
		16D18FAD1B5B023D005173C6 /* PDKeychainBindingsController.m in Sources */ = {isa = PBXBuildFile; fileRef = 16D18FA31B5B023D005173C6 /* PDKeychainBindingsController.m */; };
		16D18FAE1B5B023D005173C6 /* PDKeychainBindingsController.m in Sources */ = {isa = PBXBuildFile; fileRef = 16D18FA31B5B023D005173C6 /* PDKeychainBindingsController.m */; };
		16D18FAF1B5B023D005173C6 /* PDKeychainBindingsController.m in Sources */ = {isa = PBXBuildFile; fileRef = 16D18FA31B5B023D005173C6 /* PDKeychainBindingsController.m */; };
		16D18FB91B5B02EC005173C6 /* LICENSE in Resources */ = {isa = PBXBuildFile; fileRef = 16D18F9F1B5B023D005173C6 /* LICENSE */; };
		16D18FBA1B5B02EC005173C6 /* LICENSE in Resources */ = {isa = PBXBuildFile; fileRef = 16D18F9F1B5B023D005173C6 /* LICENSE */; };
		16D18FBB1B5B02ED005173C6 /* LICENSE in Resources */ = {isa = PBXBuildFile; fileRef = 16D18F9F1B5B023D005173C6 /* LICENSE */; };
		16E0A7911AB9E2280085B2C0 /* main.m in Sources */ = {isa = PBXBuildFile; fileRef = 16E0A7901AB9E2280085B2C0 /* main.m */; };
		16E0A7941AB9E2280085B2C0 /* AppDelegate.m in Sources */ = {isa = PBXBuildFile; fileRef = 16E0A7931AB9E2280085B2C0 /* AppDelegate.m */; };
		16E0A7971AB9E2280085B2C0 /* MainVC.m in Sources */ = {isa = PBXBuildFile; fileRef = 16E0A7961AB9E2280085B2C0 /* MainVC.m */; };
		16E0A79A1AB9E2280085B2C0 /* Main.storyboard in Resources */ = {isa = PBXBuildFile; fileRef = 16E0A7981AB9E2280085B2C0 /* Main.storyboard */; };
		16E0A79C1AB9E2280085B2C0 /* Images.xcassets in Resources */ = {isa = PBXBuildFile; fileRef = 16E0A79B1AB9E2280085B2C0 /* Images.xcassets */; };
		16E0A79F1AB9E2280085B2C0 /* LaunchScreen.xib in Resources */ = {isa = PBXBuildFile; fileRef = 16E0A79D1AB9E2280085B2C0 /* LaunchScreen.xib */; };
		16E59BCE1B6EAF2A0035271D /* ShaarliStateParseTest.m in Sources */ = {isa = PBXBuildFile; fileRef = 162A51371B6E5283001CFF52 /* ShaarliStateParseTest.m */; };
		16E59BD01B6EBCEF0035271D /* response.xslt in Resources */ = {isa = PBXBuildFile; fileRef = 16E59BCF1B6EBCEF0035271D /* response.xslt */; };
		16E59BD21B6EBD1C0035271D /* ShaarliResponseXsltTest.m in Sources */ = {isa = PBXBuildFile; fileRef = 16E59BD11B6EBD1C0035271D /* ShaarliResponseXsltTest.m */; };
/* End PBXBuildFile section */

/* Begin PBXContainerItemProxy section */
		1601E3DE1AB9E68700D3E27D /* PBXContainerItemProxy */ = {
			isa = PBXContainerItemProxy;
			containerPortal = 16E0A7831AB9E2280085B2C0 /* Project object */;
			proxyType = 1;
			remoteGlobalIDString = 1601E3D41AB9E68700D3E27D;
			remoteInfo = Share;
		};
		16E0A7A51AB9E2280085B2C0 /* PBXContainerItemProxy */ = {
			isa = PBXContainerItemProxy;
			containerPortal = 16E0A7831AB9E2280085B2C0 /* Project object */;
			proxyType = 1;
			remoteGlobalIDString = 16E0A78A1AB9E2280085B2C0;
			remoteInfo = ShaarliOS;
		};
/* End PBXContainerItemProxy section */

/* Begin PBXCopyFilesBuildPhase section */
		1601E3D01AB9E56D00D3E27D /* Embed App Extensions */ = {
			isa = PBXCopyFilesBuildPhase;
			buildActionMask = 2147483647;
			dstPath = "";
			dstSubfolderSpec = 13;
			files = (
				1601E3E01AB9E68700D3E27D /* Share.appex in Embed App Extensions */,
			);
			name = "Embed App Extensions";
			runOnlyForDeploymentPostprocessing = 0;
		};
/* End PBXCopyFilesBuildPhase section */

/* Begin PBXFileReference section */
		1601E3D51AB9E68700D3E27D /* Share.appex */ = {isa = PBXFileReference; explicitFileType = "wrapper.app-extension"; includeInIndex = 0; path = Share.appex; sourceTree = BUILT_PRODUCTS_DIR; };
		1601E3D81AB9E68700D3E27D /* Info.plist */ = {isa = PBXFileReference; lastKnownFileType = text.plist.xml; path = Info.plist; sourceTree = "<group>"; };
		1601E3D91AB9E68700D3E27D /* ShareVC.h */ = {isa = PBXFileReference; lastKnownFileType = sourcecode.c.h; path = ShareVC.h; sourceTree = "<group>"; };
		1601E3DA1AB9E68700D3E27D /* ShareVC.m */ = {isa = PBXFileReference; lastKnownFileType = sourcecode.c.objc; path = ShareVC.m; sourceTree = "<group>"; };
		1601E3EA1AB9EB2000D3E27D /* Common.xcconfig */ = {isa = PBXFileReference; lastKnownFileType = text.xcconfig; path = Common.xcconfig; sourceTree = "<group>"; };
		1601E3EB1AB9EB2000D3E27D /* Debug.xcconfig */ = {isa = PBXFileReference; lastKnownFileType = text.xcconfig; path = Debug.xcconfig; sourceTree = "<group>"; };
		1601E3EC1AB9EB2000D3E27D /* Release.xcconfig */ = {isa = PBXFileReference; lastKnownFileType = text.xcconfig; path = Release.xcconfig; sourceTree = "<group>"; };
		1601E3ED1AB9EC7800D3E27D /* ShaarliOS-Prefix.pch */ = {isa = PBXFileReference; lastKnownFileType = sourcecode.c.h; lineEnding = 0; path = "ShaarliOS-Prefix.pch"; sourceTree = "<group>"; xcLanguageSpecificationIdentifier = xcode.lang.objc; };
		1601E3EF1AB9ED3B00D3E27D /* NSBundle+MroSemVer.h */ = {isa = PBXFileReference; fileEncoding = 4; lastKnownFileType = sourcecode.c.h; path = "NSBundle+MroSemVer.h"; sourceTree = "<group>"; };
		1601E3F01AB9ED3B00D3E27D /* NSBundle+MroSemVer.m */ = {isa = PBXFileReference; fileEncoding = 4; lastKnownFileType = sourcecode.c.objc; path = "NSBundle+MroSemVer.m"; sourceTree = "<group>"; };
		1601E3FE1ABA030F00D3E27D /* NSUserDefaults+Share.h */ = {isa = PBXFileReference; fileEncoding = 4; lastKnownFileType = sourcecode.c.h; lineEnding = 0; path = "NSUserDefaults+Share.h"; sourceTree = "<group>"; xcLanguageSpecificationIdentifier = xcode.lang.objcpp; };
		1601E3FF1ABA030F00D3E27D /* NSUserDefaults+Share.m */ = {isa = PBXFileReference; fileEncoding = 4; lastKnownFileType = sourcecode.c.objc; lineEnding = 0; path = "NSUserDefaults+Share.m"; sourceTree = "<group>"; xcLanguageSpecificationIdentifier = xcode.lang.objc; };
		161C4B4A1B5BFD39002B177F /* testdata */ = {isa = PBXFileReference; lastKnownFileType = folder; path = testdata; sourceTree = "<group>"; };
		161C4B4C1B5BFD6E002B177F /* ShaarliMTest.m */ = {isa = PBXFileReference; fileEncoding = 4; lastKnownFileType = sourcecode.c.objc; lineEnding = 0; path = ShaarliMTest.m; sourceTree = "<group>"; xcLanguageSpecificationIdentifier = xcode.lang.objc; };
		1621DDCF1B6164EC00238503 /* SettingsVC.h */ = {isa = PBXFileReference; fileEncoding = 4; lastKnownFileType = sourcecode.c.h; lineEnding = 0; path = SettingsVC.h; sourceTree = "<group>"; xcLanguageSpecificationIdentifier = xcode.lang.objcpp; };
		1621DDD01B6164EC00238503 /* SettingsVC.m */ = {isa = PBXFileReference; fileEncoding = 4; lastKnownFileType = sourcecode.c.objc; lineEnding = 0; path = SettingsVC.m; sourceTree = "<group>"; xcLanguageSpecificationIdentifier = xcode.lang.objc; };
		162A51321B6E50C7001CFF52 /* MROStateMachine.h */ = {isa = PBXFileReference; fileEncoding = 4; lastKnownFileType = sourcecode.c.h; path = MROStateMachine.h; sourceTree = "<group>"; };
		162A51331B6E50C7001CFF52 /* MROStateMachine.m */ = {isa = PBXFileReference; fileEncoding = 4; lastKnownFileType = sourcecode.c.objc; path = MROStateMachine.m; sourceTree = "<group>"; };
		162A51371B6E5283001CFF52 /* ShaarliStateParseTest.m */ = {isa = PBXFileReference; fileEncoding = 4; lastKnownFileType = sourcecode.c.objc; lineEnding = 0; path = ShaarliStateParseTest.m; sourceTree = "<group>"; xcLanguageSpecificationIdentifier = xcode.lang.objc; };
		163952701B599BBE0059E553 /* libxml2.dylib */ = {isa = PBXFileReference; lastKnownFileType = "compiled.mach-o.dylib"; name = libxml2.dylib; path = usr/lib/libxml2.dylib; sourceTree = SDKROOT; };
		1640B8591B749D71009D3FED /* about.html */ = {isa = PBXFileReference; fileEncoding = 4; lastKnownFileType = text.html; path = about.html; sourceTree = "<group>"; };
		1652D98E1B68BD8000B044C3 /* ShaarliOSTests.m */ = {isa = PBXFileReference; fileEncoding = 4; lastKnownFileType = sourcecode.c.objc; lineEnding = 0; path = ShaarliOSTests.m; sourceTree = "<group>"; xcLanguageSpecificationIdentifier = xcode.lang.objc; };
		165460811B697BCE001DAA32 /* iTunesArtwork.png */ = {isa = PBXFileReference; lastKnownFileType = image.png; path = iTunesArtwork.png; sourceTree = "<group>"; };
		165B45A21B5952B8008A2714 /* ShaarliM.h */ = {isa = PBXFileReference; fileEncoding = 4; lastKnownFileType = sourcecode.c.h; lineEnding = 0; path = ShaarliM.h; sourceTree = "<group>"; xcLanguageSpecificationIdentifier = xcode.lang.objcpp; };
		165B45A31B5952B8008A2714 /* ShaarliM.m */ = {isa = PBXFileReference; fileEncoding = 4; lastKnownFileType = sourcecode.c.objc; lineEnding = 0; path = ShaarliM.m; sourceTree = "<group>"; xcLanguageSpecificationIdentifier = xcode.lang.objc; };
		166A4E241B6B734000F5D5F7 /* XCTestCase+Tools.h */ = {isa = PBXFileReference; fileEncoding = 4; lastKnownFileType = sourcecode.c.h; path = "XCTestCase+Tools.h"; sourceTree = "<group>"; };
		166A4E251B6B734000F5D5F7 /* XCTestCase+Tools.m */ = {isa = PBXFileReference; fileEncoding = 4; lastKnownFileType = sourcecode.c.objc; path = "XCTestCase+Tools.m"; sourceTree = "<group>"; };
		1697BB701B62D7D200A7D515 /* ShaarliOS.entitlements */ = {isa = PBXFileReference; lastKnownFileType = text.xml; path = ShaarliOS.entitlements; sourceTree = "<group>"; };
		1697BB711B62D7F100A7D515 /* Share.entitlements */ = {isa = PBXFileReference; lastKnownFileType = text.xml; path = Share.entitlements; sourceTree = "<group>"; };
		169BCA0C1B72269400311870 /* 1Password.xcassets */ = {isa = PBXFileReference; lastKnownFileType = folder.assetcatalog; path = 1Password.xcassets; sourceTree = "<group>"; };
		169BCA0D1B72269400311870 /* LICENSE.txt */ = {isa = PBXFileReference; fileEncoding = 4; lastKnownFileType = text; path = LICENSE.txt; sourceTree = "<group>"; };
		169BCA0E1B72269400311870 /* OnePasswordExtension.h */ = {isa = PBXFileReference; fileEncoding = 4; lastKnownFileType = sourcecode.c.h; path = OnePasswordExtension.h; sourceTree = "<group>"; };
		169BCA0F1B72269400311870 /* OnePasswordExtension.m */ = {isa = PBXFileReference; fileEncoding = 4; lastKnownFileType = sourcecode.c.objc; path = OnePasswordExtension.m; sourceTree = "<group>"; };
		169BCA101B72269400311870 /* README.md */ = {isa = PBXFileReference; fileEncoding = 4; lastKnownFileType = net.daringfireball.markdown; path = README.md; sourceTree = "<group>"; };
		169BCA111B72269400311870 /* update.sh */ = {isa = PBXFileReference; fileEncoding = 4; lastKnownFileType = text.script.sh; path = update.sh; sourceTree = "<group>"; };
		169BCA121B72269400311870 /* version.log */ = {isa = PBXFileReference; fileEncoding = 4; lastKnownFileType = text; path = version.log; sourceTree = "<group>"; };
		16ABE5FD1B640CC10054F12F /* Icon.png */ = {isa = PBXFileReference; lastKnownFileType = image.png; path = Icon.png; sourceTree = "<group>"; };
		16ABE5FE1B640CC10054F12F /* Icon@2x.png */ = {isa = PBXFileReference; lastKnownFileType = image.png; path = "Icon@2x.png"; sourceTree = "<group>"; };
		16ABE5FF1B640CC10054F12F /* Icon@3x.png */ = {isa = PBXFileReference; lastKnownFileType = image.png; path = "Icon@3x.png"; sourceTree = "<group>"; };
		16D18F9F1B5B023D005173C6 /* LICENSE */ = {isa = PBXFileReference; fileEncoding = 4; lastKnownFileType = text; path = LICENSE; sourceTree = "<group>"; };
		16D18FA01B5B023D005173C6 /* PDKeychainBindings.h */ = {isa = PBXFileReference; fileEncoding = 4; lastKnownFileType = sourcecode.c.h; path = PDKeychainBindings.h; sourceTree = "<group>"; };
		16D18FA11B5B023D005173C6 /* PDKeychainBindings.m */ = {isa = PBXFileReference; fileEncoding = 4; lastKnownFileType = sourcecode.c.objc; path = PDKeychainBindings.m; sourceTree = "<group>"; };
		16D18FA21B5B023D005173C6 /* PDKeychainBindingsController.h */ = {isa = PBXFileReference; fileEncoding = 4; lastKnownFileType = sourcecode.c.h; path = PDKeychainBindingsController.h; sourceTree = "<group>"; };
		16D18FA31B5B023D005173C6 /* PDKeychainBindingsController.m */ = {isa = PBXFileReference; fileEncoding = 4; lastKnownFileType = sourcecode.c.objc; path = PDKeychainBindingsController.m; sourceTree = "<group>"; };
		16D18FA41B5B023D005173C6 /* README.md */ = {isa = PBXFileReference; fileEncoding = 4; lastKnownFileType = net.daringfireball.markdown; path = README.md; sourceTree = "<group>"; };
		16D18FA51B5B023D005173C6 /* update.sh */ = {isa = PBXFileReference; fileEncoding = 4; lastKnownFileType = text.script.sh; path = update.sh; sourceTree = "<group>"; };
		16D18FA61B5B023D005173C6 /* version.log */ = {isa = PBXFileReference; fileEncoding = 4; lastKnownFileType = text; path = version.log; sourceTree = "<group>"; };
		16E0A78B1AB9E2280085B2C0 /* ShaarliOS.app */ = {isa = PBXFileReference; explicitFileType = wrapper.application; includeInIndex = 0; path = ShaarliOS.app; sourceTree = BUILT_PRODUCTS_DIR; };
		16E0A78F1AB9E2280085B2C0 /* Info.plist */ = {isa = PBXFileReference; lastKnownFileType = text.plist.xml; path = Info.plist; sourceTree = "<group>"; };
		16E0A7901AB9E2280085B2C0 /* main.m */ = {isa = PBXFileReference; lastKnownFileType = sourcecode.c.objc; lineEnding = 0; path = main.m; sourceTree = "<group>"; xcLanguageSpecificationIdentifier = xcode.lang.objc; };
		16E0A7921AB9E2280085B2C0 /* AppDelegate.h */ = {isa = PBXFileReference; lastKnownFileType = sourcecode.c.h; lineEnding = 0; path = AppDelegate.h; sourceTree = "<group>"; xcLanguageSpecificationIdentifier = xcode.lang.objcpp; };
		16E0A7931AB9E2280085B2C0 /* AppDelegate.m */ = {isa = PBXFileReference; lastKnownFileType = sourcecode.c.objc; lineEnding = 0; path = AppDelegate.m; sourceTree = "<group>"; xcLanguageSpecificationIdentifier = xcode.lang.objc; };
		16E0A7951AB9E2280085B2C0 /* MainVC.h */ = {isa = PBXFileReference; lastKnownFileType = sourcecode.c.h; lineEnding = 0; path = MainVC.h; sourceTree = "<group>"; xcLanguageSpecificationIdentifier = xcode.lang.objcpp; };
		16E0A7961AB9E2280085B2C0 /* MainVC.m */ = {isa = PBXFileReference; lastKnownFileType = sourcecode.c.objc; lineEnding = 0; path = MainVC.m; sourceTree = "<group>"; xcLanguageSpecificationIdentifier = xcode.lang.objc; };
		16E0A7991AB9E2280085B2C0 /* Base */ = {isa = PBXFileReference; lastKnownFileType = file.storyboard; name = Base; path = Base.lproj/Main.storyboard; sourceTree = "<group>"; };
		16E0A79B1AB9E2280085B2C0 /* Images.xcassets */ = {isa = PBXFileReference; lastKnownFileType = folder.assetcatalog; path = Images.xcassets; sourceTree = "<group>"; };
		16E0A79E1AB9E2280085B2C0 /* Base */ = {isa = PBXFileReference; lastKnownFileType = file.xib; name = Base; path = Base.lproj/LaunchScreen.xib; sourceTree = "<group>"; };
		16E0A7A41AB9E2280085B2C0 /* ShaarliOSTests.xctest */ = {isa = PBXFileReference; explicitFileType = wrapper.cfbundle; includeInIndex = 0; path = ShaarliOSTests.xctest; sourceTree = BUILT_PRODUCTS_DIR; };
		16E0A7A91AB9E2280085B2C0 /* Info.plist */ = {isa = PBXFileReference; lastKnownFileType = text.plist.xml; path = Info.plist; sourceTree = "<group>"; };
		16E59BCF1B6EBCEF0035271D /* response.xslt */ = {isa = PBXFileReference; fileEncoding = 4; lastKnownFileType = text.xml; path = response.xslt; sourceTree = "<group>"; };
		16E59BD11B6EBD1C0035271D /* ShaarliResponseXsltTest.m */ = {isa = PBXFileReference; fileEncoding = 4; lastKnownFileType = sourcecode.c.objc; lineEnding = 0; path = ShaarliResponseXsltTest.m; sourceTree = "<group>"; xcLanguageSpecificationIdentifier = xcode.lang.objc; };
/* End PBXFileReference section */

/* Begin PBXFrameworksBuildPhase section */
		1601E3D21AB9E68700D3E27D /* Frameworks */ = {
			isa = PBXFrameworksBuildPhase;
			buildActionMask = 2147483647;
			files = (
				163952721B599E9D0059E553 /* libxml2.dylib in Frameworks */,
			);
			runOnlyForDeploymentPostprocessing = 0;
		};
		16E0A7881AB9E2280085B2C0 /* Frameworks */ = {
			isa = PBXFrameworksBuildPhase;
			buildActionMask = 2147483647;
			files = (
				163952711B599BBE0059E553 /* libxml2.dylib in Frameworks */,
			);
			runOnlyForDeploymentPostprocessing = 0;
		};
		16E0A7A11AB9E2280085B2C0 /* Frameworks */ = {
			isa = PBXFrameworksBuildPhase;
			buildActionMask = 2147483647;
			files = (
				163952731B599EA60059E553 /* libxml2.dylib in Frameworks */,
			);
			runOnlyForDeploymentPostprocessing = 0;
		};
/* End PBXFrameworksBuildPhase section */

/* Begin PBXGroup section */
		1601E3D61AB9E68700D3E27D /* Share */ = {
			isa = PBXGroup;
			children = (
				1601E3D91AB9E68700D3E27D /* ShareVC.h */,
				1601E3DA1AB9E68700D3E27D /* ShareVC.m */,
				1601E3D71AB9E68700D3E27D /* Supporting Files */,
			);
			path = Share;
			sourceTree = "<group>";
		};
		1601E3D71AB9E68700D3E27D /* Supporting Files */ = {
			isa = PBXGroup;
			children = (
				1601E3D81AB9E68700D3E27D /* Info.plist */,
				1697BB711B62D7F100A7D515 /* Share.entitlements */,
				16ABE5FD1B640CC10054F12F /* Icon.png */,
				16ABE5FE1B640CC10054F12F /* Icon@2x.png */,
				16ABE5FF1B640CC10054F12F /* Icon@3x.png */,
			);
			name = "Supporting Files";
			sourceTree = "<group>";
		};
		1601E3EE1AB9ED1700D3E27D /* infra */ = {
			isa = PBXGroup;
			children = (
				1601E3EF1AB9ED3B00D3E27D /* NSBundle+MroSemVer.h */,
				1601E3F01AB9ED3B00D3E27D /* NSBundle+MroSemVer.m */,
				1601E3FE1ABA030F00D3E27D /* NSUserDefaults+Share.h */,
				1601E3FF1ABA030F00D3E27D /* NSUserDefaults+Share.m */,
				162A51321B6E50C7001CFF52 /* MROStateMachine.h */,
				162A51331B6E50C7001CFF52 /* MROStateMachine.m */,
			);
			path = infra;
			sourceTree = "<group>";
		};
		169BCA0B1B72269400311870 /* 1Password */ = {
			isa = PBXGroup;
			children = (
				169BCA0D1B72269400311870 /* LICENSE.txt */,
				169BCA101B72269400311870 /* README.md */,
				169BCA121B72269400311870 /* version.log */,
				169BCA111B72269400311870 /* update.sh */,
				169BCA0C1B72269400311870 /* 1Password.xcassets */,
				169BCA0E1B72269400311870 /* OnePasswordExtension.h */,
				169BCA0F1B72269400311870 /* OnePasswordExtension.m */,
			);
			path = 1Password;
			sourceTree = "<group>";
		};
		16D18F9D1B5B023D005173C6 /* ThirdParty */ = {
			isa = PBXGroup;
			children = (
				169BCA0B1B72269400311870 /* 1Password */,
				16D18F9E1B5B023D005173C6 /* PDKeychainBindingsController */,
			);
			path = ThirdParty;
			sourceTree = "<group>";
		};
		16D18F9E1B5B023D005173C6 /* PDKeychainBindingsController */ = {
			isa = PBXGroup;
			children = (
				16D18F9F1B5B023D005173C6 /* LICENSE */,
				16D18FA41B5B023D005173C6 /* README.md */,
				16D18FA61B5B023D005173C6 /* version.log */,
				16D18FA51B5B023D005173C6 /* update.sh */,
				16D18FA01B5B023D005173C6 /* PDKeychainBindings.h */,
				16D18FA11B5B023D005173C6 /* PDKeychainBindings.m */,
				16D18FA21B5B023D005173C6 /* PDKeychainBindingsController.h */,
				16D18FA31B5B023D005173C6 /* PDKeychainBindingsController.m */,
			);
			path = PDKeychainBindingsController;
			sourceTree = "<group>";
		};
		16E0A7821AB9E2280085B2C0 = {
			isa = PBXGroup;
			children = (
				1601E3EA1AB9EB2000D3E27D /* Common.xcconfig */,
				1601E3EB1AB9EB2000D3E27D /* Debug.xcconfig */,
				1601E3EC1AB9EB2000D3E27D /* Release.xcconfig */,
				16E0A78D1AB9E2280085B2C0 /* ShaarliOS */,
				16E0A7A71AB9E2280085B2C0 /* ShaarliOSTests */,
				1601E3D61AB9E68700D3E27D /* Share */,
				16D18F9D1B5B023D005173C6 /* ThirdParty */,
				16E0A78C1AB9E2280085B2C0 /* Products */,
				163952701B599BBE0059E553 /* libxml2.dylib */,
			);
			sourceTree = "<group>";
		};
		16E0A78C1AB9E2280085B2C0 /* Products */ = {
			isa = PBXGroup;
			children = (
				16E0A78B1AB9E2280085B2C0 /* ShaarliOS.app */,
				16E0A7A41AB9E2280085B2C0 /* ShaarliOSTests.xctest */,
				1601E3D51AB9E68700D3E27D /* Share.appex */,
			);
			name = Products;
			sourceTree = "<group>";
		};
		16E0A78D1AB9E2280085B2C0 /* ShaarliOS */ = {
			isa = PBXGroup;
			children = (
				16E0A79D1AB9E2280085B2C0 /* LaunchScreen.xib */,
				16E0A7981AB9E2280085B2C0 /* Main.storyboard */,
				16E0A79B1AB9E2280085B2C0 /* Images.xcassets */,
				1601E3EE1AB9ED1700D3E27D /* infra */,
				16E0A7921AB9E2280085B2C0 /* AppDelegate.h */,
				16E0A7931AB9E2280085B2C0 /* AppDelegate.m */,
				16E0A7951AB9E2280085B2C0 /* MainVC.h */,
				16E0A7961AB9E2280085B2C0 /* MainVC.m */,
				1621DDCF1B6164EC00238503 /* SettingsVC.h */,
				1621DDD01B6164EC00238503 /* SettingsVC.m */,
				16E0A78E1AB9E2280085B2C0 /* Supporting Files */,
				165B45A21B5952B8008A2714 /* ShaarliM.h */,
				165B45A31B5952B8008A2714 /* ShaarliM.m */,
			);
			path = ShaarliOS;
			sourceTree = "<group>";
		};
		16E0A78E1AB9E2280085B2C0 /* Supporting Files */ = {
			isa = PBXGroup;
			children = (
				16E0A78F1AB9E2280085B2C0 /* Info.plist */,
				1697BB701B62D7D200A7D515 /* ShaarliOS.entitlements */,
				16E0A7901AB9E2280085B2C0 /* main.m */,
				1601E3ED1AB9EC7800D3E27D /* ShaarliOS-Prefix.pch */,
				165460811B697BCE001DAA32 /* iTunesArtwork.png */,
				1640B8591B749D71009D3FED /* about.html */,
			);
			name = "Supporting Files";
			sourceTree = "<group>";
		};
		16E0A7A71AB9E2280085B2C0 /* ShaarliOSTests */ = {
			isa = PBXGroup;
			children = (
				161C4B4C1B5BFD6E002B177F /* ShaarliMTest.m */,
				1652D98E1B68BD8000B044C3 /* ShaarliOSTests.m */,
				162A51371B6E5283001CFF52 /* ShaarliStateParseTest.m */,
				16E59BD11B6EBD1C0035271D /* ShaarliResponseXsltTest.m */,
				166A4E241B6B734000F5D5F7 /* XCTestCase+Tools.h */,
				166A4E251B6B734000F5D5F7 /* XCTestCase+Tools.m */,
				16E0A7A81AB9E2280085B2C0 /* Supporting Files */,
				161C4B4A1B5BFD39002B177F /* testdata */,
			);
			path = ShaarliOSTests;
			sourceTree = "<group>";
		};
		16E0A7A81AB9E2280085B2C0 /* Supporting Files */ = {
			isa = PBXGroup;
			children = (
				16E0A7A91AB9E2280085B2C0 /* Info.plist */,
				16E59BCF1B6EBCEF0035271D /* response.xslt */,
			);
			name = "Supporting Files";
			sourceTree = "<group>";
		};
/* End PBXGroup section */

/* Begin PBXNativeTarget section */
		1601E3D41AB9E68700D3E27D /* Share */ = {
			isa = PBXNativeTarget;
			buildConfigurationList = 1601E3E11AB9E68700D3E27D /* Build configuration list for PBXNativeTarget "Share" */;
			buildPhases = (
				1601E3D11AB9E68700D3E27D /* Sources */,
				1601E3D21AB9E68700D3E27D /* Frameworks */,
				1601E3D31AB9E68700D3E27D /* Resources */,
			);
			buildRules = (
			);
			dependencies = (
			);
			name = Share;
			productName = Share;
			productReference = 1601E3D51AB9E68700D3E27D /* Share.appex */;
			productType = "com.apple.product-type.app-extension";
		};
		16E0A78A1AB9E2280085B2C0 /* ShaarliOS */ = {
			isa = PBXNativeTarget;
			buildConfigurationList = 16E0A7AE1AB9E2280085B2C0 /* Build configuration list for PBXNativeTarget "ShaarliOS" */;
			buildPhases = (
				16E0A7871AB9E2280085B2C0 /* Sources */,
				16E0A7881AB9E2280085B2C0 /* Frameworks */,
				16E0A7891AB9E2280085B2C0 /* Resources */,
				1601E3D01AB9E56D00D3E27D /* Embed App Extensions */,
				163C53141B63E749009DFF35 /* Git Sha -> Info.plist */,
			);
			buildRules = (
			);
			dependencies = (
				1601E3DF1AB9E68700D3E27D /* PBXTargetDependency */,
			);
			name = ShaarliOS;
			productName = ShaarliOS;
			productReference = 16E0A78B1AB9E2280085B2C0 /* ShaarliOS.app */;
			productType = "com.apple.product-type.application";
		};
		16E0A7A31AB9E2280085B2C0 /* ShaarliOSTests */ = {
			isa = PBXNativeTarget;
			buildConfigurationList = 16E0A7B11AB9E2280085B2C0 /* Build configuration list for PBXNativeTarget "ShaarliOSTests" */;
			buildPhases = (
				16E0A7A01AB9E2280085B2C0 /* Sources */,
				16E0A7A11AB9E2280085B2C0 /* Frameworks */,
				16E0A7A21AB9E2280085B2C0 /* Resources */,
			);
			buildRules = (
			);
			dependencies = (
				16E0A7A61AB9E2280085B2C0 /* PBXTargetDependency */,
			);
			name = ShaarliOSTests;
			productName = ShaarliOSTests;
			productReference = 16E0A7A41AB9E2280085B2C0 /* ShaarliOSTests.xctest */;
			productType = "com.apple.product-type.bundle.unit-test";
		};
/* End PBXNativeTarget section */

/* Begin PBXProject section */
		16E0A7831AB9E2280085B2C0 /* Project object */ = {
			isa = PBXProject;
			attributes = {
				LastUpgradeCheck = 0620;
				ORGANIZATIONNAME = "Marcus Rohrmoser";
				TargetAttributes = {
					1601E3D41AB9E68700D3E27D = {
						CreatedOnToolsVersion = 6.2;
						DevelopmentTeam = PE85K2L7LE;
						SystemCapabilities = {
							com.apple.ApplicationGroups.iOS = {
								enabled = 1;
							};
							com.apple.Keychain = {
								enabled = 1;
							};
						};
					};
					16E0A78A1AB9E2280085B2C0 = {
						CreatedOnToolsVersion = 6.2;
						DevelopmentTeam = PE85K2L7LE;
						SystemCapabilities = {
							com.apple.ApplicationGroups.iOS = {
								enabled = 1;
							};
							com.apple.Keychain = {
								enabled = 1;
							};
						};
					};
					16E0A7A31AB9E2280085B2C0 = {
						CreatedOnToolsVersion = 6.2;
						TestTargetID = 16E0A78A1AB9E2280085B2C0;
					};
				};
			};
			buildConfigurationList = 16E0A7861AB9E2280085B2C0 /* Build configuration list for PBXProject "ShaarliOS" */;
			compatibilityVersion = "Xcode 3.2";
			developmentRegion = English;
			hasScannedForEncodings = 0;
			knownRegions = (
				en,
				Base,
			);
			mainGroup = 16E0A7821AB9E2280085B2C0;
			productRefGroup = 16E0A78C1AB9E2280085B2C0 /* Products */;
			projectDirPath = "";
			projectRoot = "";
			targets = (
				16E0A78A1AB9E2280085B2C0 /* ShaarliOS */,
				16E0A7A31AB9E2280085B2C0 /* ShaarliOSTests */,
				1601E3D41AB9E68700D3E27D /* Share */,
			);
		};
/* End PBXProject section */

/* Begin PBXResourcesBuildPhase section */
		1601E3D31AB9E68700D3E27D /* Resources */ = {
			isa = PBXResourcesBuildPhase;
			buildActionMask = 2147483647;
			files = (
				16ABE6001B640CC10054F12F /* Icon.png in Resources */,
				16ABE6011B640CC10054F12F /* Icon@2x.png in Resources */,
				16ABE6021B640CC10054F12F /* Icon@3x.png in Resources */,
				16D18FBB1B5B02ED005173C6 /* LICENSE in Resources */,
			);
			runOnlyForDeploymentPostprocessing = 0;
		};
		16E0A7891AB9E2280085B2C0 /* Resources */ = {
			isa = PBXResourcesBuildPhase;
			buildActionMask = 2147483647;
			files = (
				16E0A79A1AB9E2280085B2C0 /* Main.storyboard in Resources */,
				16E0A79F1AB9E2280085B2C0 /* LaunchScreen.xib in Resources */,
				169BCA131B72269400311870 /* 1Password.xcassets in Resources */,
				16D18FB91B5B02EC005173C6 /* LICENSE in Resources */,
				1640B85A1B749D71009D3FED /* about.html in Resources */,
				165460821B697BCE001DAA32 /* iTunesArtwork.png in Resources */,
				16E0A79C1AB9E2280085B2C0 /* Images.xcassets in Resources */,
			);
			runOnlyForDeploymentPostprocessing = 0;
		};
		16E0A7A21AB9E2280085B2C0 /* Resources */ = {
			isa = PBXResourcesBuildPhase;
			buildActionMask = 2147483647;
			files = (
				161C4B4B1B5BFD39002B177F /* testdata in Resources */,
				16E59BD01B6EBCEF0035271D /* response.xslt in Resources */,
				16D18FBA1B5B02EC005173C6 /* LICENSE in Resources */,
			);
			runOnlyForDeploymentPostprocessing = 0;
		};
/* End PBXResourcesBuildPhase section */

/* Begin PBXShellScriptBuildPhase section */
		163C53141B63E749009DFF35 /* Git Sha -> Info.plist */ = {
			isa = PBXShellScriptBuildPhase;
			buildActionMask = 2147483647;
			files = (
			);
			inputPaths = (
			);
			name = "Git Sha -> Info.plist";
			outputPaths = (
			);
			runOnlyForDeploymentPostprocessing = 0;
			shellPath = "/bin/sh\n# inspired by\n# - http://kswizz.com/post/2686511526/git-xcode-versioning\n# - http://stackoverflow.com/a/12658311\ncd \"$PROJECT_DIR\"\n# say hello\n/usr/libexec/PlistBuddy -c \"Set :CFBundleVersionGitSHA $(git rev-parse --short HEAD)\" \"$TARGET_BUILD_DIR/$INFOPLIST_PATH\"";
			shellScript = "# write git version SHA into Info.plist\n#\n# inspired by\n# - http://kswizz.com/post/2686511526/git-xcode-versioning\n# - http://stackoverflow.com/a/12658311\ncd \"$PROJECT_DIR\"\n# say hello\ninfo_plist=\"$TARGET_BUILD_DIR/$INFOPLIST_PATH\"\ngitsha=$(git rev-parse --short HEAD)\nversion=$(/usr/libexec/PlistBuddy -c \"Print :CFBundleVersion\" \"$info_plist\")\n/usr/libexec/PlistBuddy -c \"Set :CFBundleVersionGitSHA $gitsha\" \"$info_plist\"\n/usr/libexec/PlistBuddy -c \"Set :CFBundleShortVersionString '$version+$gitsha'\" \"$info_plist\"";
		};
/* End PBXShellScriptBuildPhase section */

/* Begin PBXSourcesBuildPhase section */
		1601E3D11AB9E68700D3E27D /* Sources */ = {
			isa = PBXSourcesBuildPhase;
			buildActionMask = 2147483647;
			files = (
				1671FB061B700D5E00C829D5 /* ShareVC.m in Sources */,
				16D18FAC1B5B023D005173C6 /* PDKeychainBindings.m in Sources */,
				1601E3F31AB9ED3B00D3E27D /* NSBundle+MroSemVer.m in Sources */,
				16D18FAF1B5B023D005173C6 /* PDKeychainBindingsController.m in Sources */,
				165B45A61B5952B8008A2714 /* ShaarliM.m in Sources */,
				1601E4021ABA030F00D3E27D /* NSUserDefaults+Share.m in Sources */,
			);
			runOnlyForDeploymentPostprocessing = 0;
		};
		16E0A7871AB9E2280085B2C0 /* Sources */ = {
			isa = PBXSourcesBuildPhase;
			buildActionMask = 2147483647;
			files = (
				16E0A7971AB9E2280085B2C0 /* MainVC.m in Sources */,
				1621DDD11B6164EC00238503 /* SettingsVC.m in Sources */,
				1601E3F11AB9ED3B00D3E27D /* NSBundle+MroSemVer.m in Sources */,
				16D18FAD1B5B023D005173C6 /* PDKeychainBindingsController.m in Sources */,
				1601E4001ABA030F00D3E27D /* NSUserDefaults+Share.m in Sources */,
				16E0A7941AB9E2280085B2C0 /* AppDelegate.m in Sources */,
				16E0A7911AB9E2280085B2C0 /* main.m in Sources */,
				1614BA9B1B71FC190042DCE7 /* ShareVC.m in Sources */,
				16D18FAA1B5B023D005173C6 /* PDKeychainBindings.m in Sources */,
				169BCA151B72269400311870 /* OnePasswordExtension.m in Sources */,
				165B45A41B5952B8008A2714 /* ShaarliM.m in Sources */,
			);
			runOnlyForDeploymentPostprocessing = 0;
		};
		16E0A7A01AB9E2280085B2C0 /* Sources */ = {
			isa = PBXSourcesBuildPhase;
			buildActionMask = 2147483647;
			files = (
				162A51351B6E50C7001CFF52 /* MROStateMachine.m in Sources */,
				16D18FAB1B5B023D005173C6 /* PDKeychainBindings.m in Sources */,
				1621DDD21B6164EC00238503 /* SettingsVC.m in Sources */,
				1601E3F21AB9ED3B00D3E27D /* NSBundle+MroSemVer.m in Sources */,
				16D18FAE1B5B023D005173C6 /* PDKeychainBindingsController.m in Sources */,
				165B45A51B5952B8008A2714 /* ShaarliM.m in Sources */,
				1614BA9C1B71FC1A0042DCE7 /* ShareVC.m in Sources */,
				16E59BCE1B6EAF2A0035271D /* ShaarliStateParseTest.m in Sources */,
				166A4E261B6B734000F5D5F7 /* XCTestCase+Tools.m in Sources */,
				161C4B4D1B5BFD6E002B177F /* ShaarliMTest.m in Sources */,
				1652D98F1B68BD8000B044C3 /* ShaarliOSTests.m in Sources */,
				16E59BD21B6EBD1C0035271D /* ShaarliResponseXsltTest.m in Sources */,
				1601E4011ABA030F00D3E27D /* NSUserDefaults+Share.m in Sources */,
			);
			runOnlyForDeploymentPostprocessing = 0;
		};
/* End PBXSourcesBuildPhase section */

/* Begin PBXTargetDependency section */
		1601E3DF1AB9E68700D3E27D /* PBXTargetDependency */ = {
			isa = PBXTargetDependency;
			target = 1601E3D41AB9E68700D3E27D /* Share */;
			targetProxy = 1601E3DE1AB9E68700D3E27D /* PBXContainerItemProxy */;
		};
		16E0A7A61AB9E2280085B2C0 /* PBXTargetDependency */ = {
			isa = PBXTargetDependency;
			target = 16E0A78A1AB9E2280085B2C0 /* ShaarliOS */;
			targetProxy = 16E0A7A51AB9E2280085B2C0 /* PBXContainerItemProxy */;
		};
/* End PBXTargetDependency section */

/* Begin PBXVariantGroup section */
		16E0A7981AB9E2280085B2C0 /* Main.storyboard */ = {
			isa = PBXVariantGroup;
			children = (
				16E0A7991AB9E2280085B2C0 /* Base */,
			);
			name = Main.storyboard;
			sourceTree = "<group>";
		};
		16E0A79D1AB9E2280085B2C0 /* LaunchScreen.xib */ = {
			isa = PBXVariantGroup;
			children = (
				16E0A79E1AB9E2280085B2C0 /* Base */,
			);
			name = LaunchScreen.xib;
			sourceTree = "<group>";
		};
/* End PBXVariantGroup section */

/* Begin XCBuildConfiguration section */
		1601E3E21AB9E68700D3E27D /* Debug */ = {
			isa = XCBuildConfiguration;
			buildSettings = {
				CODE_SIGN_ENTITLEMENTS = Share/Share.entitlements;
				CODE_SIGN_IDENTITY = "iPhone Developer";
				"CODE_SIGN_IDENTITY[sdk=iphoneos*]" = "iPhone Developer";
				GCC_PREPROCESSOR_DEFINITIONS = (
					"DEBUG=1",
					"$(inherited)",
				);
				INFOPLIST_FILE = Share/Info.plist;
				LD_RUNPATH_SEARCH_PATHS = "$(inherited) @executable_path/Frameworks @executable_path/../../Frameworks";
				PRODUCT_NAME = "$(TARGET_NAME)";
				PROVISIONING_PROFILE = "";
				SKIP_INSTALL = YES;
			};
			name = Debug;
		};
		1601E3E31AB9E68700D3E27D /* Release */ = {
			isa = XCBuildConfiguration;
			buildSettings = {
				CODE_SIGN_ENTITLEMENTS = Share/Share.entitlements;
				CODE_SIGN_IDENTITY = "iPhone Developer";
				"CODE_SIGN_IDENTITY[sdk=iphoneos*]" = "iPhone Developer";
				INFOPLIST_FILE = Share/Info.plist;
				LD_RUNPATH_SEARCH_PATHS = "$(inherited) @executable_path/Frameworks @executable_path/../../Frameworks";
				PRODUCT_NAME = "$(TARGET_NAME)";
				PROVISIONING_PROFILE = "";
				SKIP_INSTALL = YES;
			};
			name = Release;
		};
		16E0A7AC1AB9E2280085B2C0 /* Debug */ = {
			isa = XCBuildConfiguration;
			baseConfigurationReference = 1601E3EB1AB9EB2000D3E27D /* Debug.xcconfig */;
			buildSettings = {
				ALWAYS_SEARCH_USER_PATHS = NO;
				CLANG_CXX_LANGUAGE_STANDARD = "gnu++0x";
				CLANG_CXX_LIBRARY = "libc++";
				CLANG_ENABLE_MODULES = YES;
				CLANG_ENABLE_OBJC_ARC = YES;
				CLANG_WARN_BOOL_CONVERSION = YES;
				CLANG_WARN_CONSTANT_CONVERSION = YES;
				CLANG_WARN_DIRECT_OBJC_ISA_USAGE = YES_ERROR;
				CLANG_WARN_EMPTY_BODY = YES;
				CLANG_WARN_ENUM_CONVERSION = YES;
				CLANG_WARN_INT_CONVERSION = YES;
				CLANG_WARN_OBJC_ROOT_CLASS = YES_ERROR;
				CLANG_WARN_UNREACHABLE_CODE = YES;
				CLANG_WARN__DUPLICATE_METHOD_MATCH = YES;
				CODE_SIGN_IDENTITY = "iPhone Developer: Marcus Rohrmoser (C58CCHV87H)";
				CURRENT_PROJECT_VERSION = 0.0.8;
				ENABLE_STRICT_OBJC_MSGSEND = YES;
				GCC_C_LANGUAGE_STANDARD = gnu99;
				GCC_DYNAMIC_NO_PIC = NO;
				GCC_OPTIMIZATION_LEVEL = 0;
				GCC_PREFIX_HEADER = "ShaarliOS/ShaarliOS-Prefix.pch";
				GCC_PREPROCESSOR_DEFINITIONS = (
					"DEBUG=1",
					"$(inherited)",
				);
				GCC_SYMBOLS_PRIVATE_EXTERN = NO;
				GCC_WARN_64_TO_32_BIT_CONVERSION = YES;
				GCC_WARN_ABOUT_RETURN_TYPE = YES_ERROR;
				GCC_WARN_UNDECLARED_SELECTOR = YES;
				GCC_WARN_UNINITIALIZED_AUTOS = YES_AGGRESSIVE;
				GCC_WARN_UNUSED_FUNCTION = YES;
				GCC_WARN_UNUSED_VARIABLE = YES;
				HEADER_SEARCH_PATHS = (
					"$(inherited)",
					/Applications/Xcode.app/Contents/Developer/Toolchains/XcodeDefault.xctoolchain/usr/include,
					"${SDKROOT}/usr/include/libxml2",
				);
				MTL_ENABLE_DEBUG_INFO = YES;
				ONLY_ACTIVE_ARCH = YES;
				VERSIONING_SYSTEM = "apple-generic";
			};
			name = Debug;
		};
		16E0A7AD1AB9E2280085B2C0 /* Release */ = {
			isa = XCBuildConfiguration;
			baseConfigurationReference = 1601E3EC1AB9EB2000D3E27D /* Release.xcconfig */;
			buildSettings = {
				ALWAYS_SEARCH_USER_PATHS = NO;
				CLANG_CXX_LANGUAGE_STANDARD = "gnu++0x";
				CLANG_CXX_LIBRARY = "libc++";
				CLANG_ENABLE_MODULES = YES;
				CLANG_ENABLE_OBJC_ARC = YES;
				CLANG_WARN_BOOL_CONVERSION = YES;
				CLANG_WARN_CONSTANT_CONVERSION = YES;
				CLANG_WARN_DIRECT_OBJC_ISA_USAGE = YES_ERROR;
				CLANG_WARN_EMPTY_BODY = YES;
				CLANG_WARN_ENUM_CONVERSION = YES;
				CLANG_WARN_INT_CONVERSION = YES;
				CLANG_WARN_OBJC_ROOT_CLASS = YES_ERROR;
				CLANG_WARN_UNREACHABLE_CODE = YES;
				CLANG_WARN__DUPLICATE_METHOD_MATCH = YES;
				CODE_SIGN_IDENTITY = "iPhone Developer: Marcus Rohrmoser (C58CCHV87H)";
				CURRENT_PROJECT_VERSION = 0.0.8;
				ENABLE_NS_ASSERTIONS = NO;
				ENABLE_STRICT_OBJC_MSGSEND = YES;
				GCC_C_LANGUAGE_STANDARD = gnu99;
				GCC_PREFIX_HEADER = "ShaarliOS/ShaarliOS-Prefix.pch";
				GCC_WARN_64_TO_32_BIT_CONVERSION = YES;
				GCC_WARN_ABOUT_RETURN_TYPE = YES_ERROR;
				GCC_WARN_UNDECLARED_SELECTOR = YES;
				GCC_WARN_UNINITIALIZED_AUTOS = YES_AGGRESSIVE;
				GCC_WARN_UNUSED_FUNCTION = YES;
				GCC_WARN_UNUSED_VARIABLE = YES;
				HEADER_SEARCH_PATHS = (
					"$(inherited)",
					/Applications/Xcode.app/Contents/Developer/Toolchains/XcodeDefault.xctoolchain/usr/include,
					"${SDKROOT}/usr/include/libxml2",
				);
				MTL_ENABLE_DEBUG_INFO = NO;
				VALIDATE_PRODUCT = YES;
				VERSIONING_SYSTEM = "apple-generic";
			};
			name = Release;
		};
		16E0A7AF1AB9E2280085B2C0 /* Debug */ = {
			isa = XCBuildConfiguration;
			buildSettings = {
				ASSETCATALOG_COMPILER_APPICON_NAME = AppIcon;
				CODE_SIGN_ENTITLEMENTS = ShaarliOS/ShaarliOS.entitlements;
				CODE_SIGN_IDENTITY = "iPhone Developer";
				"CODE_SIGN_IDENTITY[sdk=iphoneos*]" = "iPhone Developer";
				INFOPLIST_FILE = ShaarliOS/Info.plist;
				IPHONEOS_DEPLOYMENT_TARGET = 8.0;
				LD_RUNPATH_SEARCH_PATHS = "$(inherited) @executable_path/Frameworks";
				PRODUCT_NAME = ShaarliOS;
				PROVISIONING_PROFILE = "";
			};
			name = Debug;
		};
		16E0A7B01AB9E2280085B2C0 /* Release */ = {
			isa = XCBuildConfiguration;
			buildSettings = {
				ASSETCATALOG_COMPILER_APPICON_NAME = AppIcon;
				CODE_SIGN_ENTITLEMENTS = ShaarliOS/ShaarliOS.entitlements;
				CODE_SIGN_IDENTITY = "iPhone Developer";
				"CODE_SIGN_IDENTITY[sdk=iphoneos*]" = "iPhone Developer";
				INFOPLIST_FILE = ShaarliOS/Info.plist;
				IPHONEOS_DEPLOYMENT_TARGET = 8.0;
				LD_RUNPATH_SEARCH_PATHS = "$(inherited) @executable_path/Frameworks";
				PRODUCT_NAME = ShaarliOS;
				PROVISIONING_PROFILE = "";
			};
			name = Release;
		};
		16E0A7B21AB9E2280085B2C0 /* Debug */ = {
			isa = XCBuildConfiguration;
			buildSettings = {
				BUNDLE_LOADER = "$(TEST_HOST)";
				FRAMEWORK_SEARCH_PATHS = (
					"$(SDKROOT)/Developer/Library/Frameworks",
					"$(inherited)",
				);
				GCC_PREPROCESSOR_DEFINITIONS = (
					"DEBUG=1",
					"$(inherited)",
				);
				INFOPLIST_FILE = ShaarliOSTests/Info.plist;
				LD_RUNPATH_SEARCH_PATHS = "$(inherited) @executable_path/Frameworks @loader_path/Frameworks";
				PRODUCT_NAME = ShaarliOSTests;
				TEST_HOST = "$(BUILT_PRODUCTS_DIR)/ShaarliOS.app/ShaarliOS";
			};
			name = Debug;
		};
		16E0A7B31AB9E2280085B2C0 /* Release */ = {
			isa = XCBuildConfiguration;
			buildSettings = {
				BUNDLE_LOADER = "$(TEST_HOST)";
				FRAMEWORK_SEARCH_PATHS = (
					"$(SDKROOT)/Developer/Library/Frameworks",
					"$(inherited)",
				);
				INFOPLIST_FILE = ShaarliOSTests/Info.plist;
				LD_RUNPATH_SEARCH_PATHS = "$(inherited) @executable_path/Frameworks @loader_path/Frameworks";
				PRODUCT_NAME = ShaarliOSTests;
				TEST_HOST = "$(BUILT_PRODUCTS_DIR)/ShaarliOS.app/ShaarliOS";
			};
			name = Release;
		};
/* End XCBuildConfiguration section */

/* Begin XCConfigurationList section */
		1601E3E11AB9E68700D3E27D /* Build configuration list for PBXNativeTarget "Share" */ = {
			isa = XCConfigurationList;
			buildConfigurations = (
				1601E3E21AB9E68700D3E27D /* Debug */,
				1601E3E31AB9E68700D3E27D /* Release */,
			);
			defaultConfigurationIsVisible = 0;
			defaultConfigurationName = Release;
		};
		16E0A7861AB9E2280085B2C0 /* Build configuration list for PBXProject "ShaarliOS" */ = {
			isa = XCConfigurationList;
			buildConfigurations = (
				16E0A7AC1AB9E2280085B2C0 /* Debug */,
				16E0A7AD1AB9E2280085B2C0 /* Release */,
			);
			defaultConfigurationIsVisible = 0;
			defaultConfigurationName = Release;
		};
		16E0A7AE1AB9E2280085B2C0 /* Build configuration list for PBXNativeTarget "ShaarliOS" */ = {
			isa = XCConfigurationList;
			buildConfigurations = (
				16E0A7AF1AB9E2280085B2C0 /* Debug */,
				16E0A7B01AB9E2280085B2C0 /* Release */,
			);
			defaultConfigurationIsVisible = 0;
			defaultConfigurationName = Release;
		};
		16E0A7B11AB9E2280085B2C0 /* Build configuration list for PBXNativeTarget "ShaarliOSTests" */ = {
			isa = XCConfigurationList;
			buildConfigurations = (
				16E0A7B21AB9E2280085B2C0 /* Debug */,
				16E0A7B31AB9E2280085B2C0 /* Release */,
			);
			defaultConfigurationIsVisible = 0;
			defaultConfigurationName = Release;
		};
/* End XCConfigurationList section */
	};
	rootObject = 16E0A7831AB9E2280085B2C0 /* Project object */;
}
